// !$*UTF8*$!
{
	archiveVersion = 1;
	classes = {
	};
	objectVersion = 50;
	objects = {

/* Begin PBXBuildFile section */
		F406DFE524312FDE0085D492 /* CountriesViewController.swift in Sources */ = {isa = PBXBuildFile; fileRef = F406DFE424312FDE0085D492 /* CountriesViewController.swift */; };
		F406DFE7243135170085D492 /* Networking.swift in Sources */ = {isa = PBXBuildFile; fileRef = F406DFE6243135170085D492 /* Networking.swift */; };
		F406DFEA24313EB30085D492 /* GlobalDataDTO.swift in Sources */ = {isa = PBXBuildFile; fileRef = F406DFE924313EB30085D492 /* GlobalDataDTO.swift */; };
		F406DFEC243149490085D492 /* Extensions.swift in Sources */ = {isa = PBXBuildFile; fileRef = F406DFEB243149490085D492 /* Extensions.swift */; };
		F406DFEE24314EE40085D492 /* CountriesDataSource.swift in Sources */ = {isa = PBXBuildFile; fileRef = F406DFED24314EE40085D492 /* CountriesDataSource.swift */; };
		F406DFF024314F110085D492 /* CountryDataDTO.swift in Sources */ = {isa = PBXBuildFile; fileRef = F406DFEF24314F110085D492 /* CountryDataDTO.swift */; };
		F406DFF224314F600085D492 /* ContryTableViewCell.swift in Sources */ = {isa = PBXBuildFile; fileRef = F406DFF124314F600085D492 /* ContryTableViewCell.swift */; };
		F406DFF424316D110085D492 /* ImageStore.swift in Sources */ = {isa = PBXBuildFile; fileRef = F406DFF324316D110085D492 /* ImageStore.swift */; };
		F406DFF724316F950085D492 /* PhotoStore.swift in Sources */ = {isa = PBXBuildFile; fileRef = F406DFF624316F950085D492 /* PhotoStore.swift */; };
		F406DFF924319FBB0085D492 /* AboutViewController.swift in Sources */ = {isa = PBXBuildFile; fileRef = F406DFF824319FBB0085D492 /* AboutViewController.swift */; };
		F4BD9BC12431253C00671CAA /* AppDelegate.swift in Sources */ = {isa = PBXBuildFile; fileRef = F4BD9BC02431253C00671CAA /* AppDelegate.swift */; };
		F4BD9BC52431253C00671CAA /* HomeViewController.swift in Sources */ = {isa = PBXBuildFile; fileRef = F4BD9BC42431253C00671CAA /* HomeViewController.swift */; };
		F4BD9BC82431253C00671CAA /* Main.storyboard in Resources */ = {isa = PBXBuildFile; fileRef = F4BD9BC62431253C00671CAA /* Main.storyboard */; };
		F4BD9BCA2431253D00671CAA /* Assets.xcassets in Resources */ = {isa = PBXBuildFile; fileRef = F4BD9BC92431253D00671CAA /* Assets.xcassets */; };
		F4BD9BCD2431253D00671CAA /* LaunchScreen.storyboard in Resources */ = {isa = PBXBuildFile; fileRef = F4BD9BCB2431253D00671CAA /* LaunchScreen.storyboard */; };
		F4BD9BD82431253D00671CAA /* Covid_19Tests.swift in Sources */ = {isa = PBXBuildFile; fileRef = F4BD9BD72431253D00671CAA /* Covid_19Tests.swift */; };
		F4BD9BE32431253E00671CAA /* Covid_19UITests.swift in Sources */ = {isa = PBXBuildFile; fileRef = F4BD9BE22431253E00671CAA /* Covid_19UITests.swift */; };
		F4BD9BF3243128F200671CAA /* TabBarController.swift in Sources */ = {isa = PBXBuildFile; fileRef = F4BD9BF1243128F200671CAA /* TabBarController.swift */; };
		F4BD9BF4243128F200671CAA /* NavigationController.swift in Sources */ = {isa = PBXBuildFile; fileRef = F4BD9BF2243128F200671CAA /* NavigationController.swift */; };
		F4BD9BF92431290C00671CAA /* Constants.swift in Sources */ = {isa = PBXBuildFile; fileRef = F4BD9BF82431290C00671CAA /* Constants.swift */; };
		F4BD9C0124312B4B00671CAA /* CovidStore.swift in Sources */ = {isa = PBXBuildFile; fileRef = F4BD9C0024312B4B00671CAA /* CovidStore.swift */; };
		F4BD9C0424312B9400671CAA /* CodvidAPI.swift in Sources */ = {isa = PBXBuildFile; fileRef = F4BD9C0324312B9400671CAA /* CodvidAPI.swift */; };
/* End PBXBuildFile section */

/* Begin PBXContainerItemProxy section */
		F4BD9BD42431253D00671CAA /* PBXContainerItemProxy */ = {
			isa = PBXContainerItemProxy;
			containerPortal = F4BD9BB52431253C00671CAA /* Project object */;
			proxyType = 1;
			remoteGlobalIDString = F4BD9BBC2431253C00671CAA;
			remoteInfo = "Covid-19";
		};
		F4BD9BDF2431253E00671CAA /* PBXContainerItemProxy */ = {
			isa = PBXContainerItemProxy;
			containerPortal = F4BD9BB52431253C00671CAA /* Project object */;
			proxyType = 1;
			remoteGlobalIDString = F4BD9BBC2431253C00671CAA;
			remoteInfo = "Covid-19";
		};
/* End PBXContainerItemProxy section */

/* Begin PBXFileReference section */
		F406DFE424312FDE0085D492 /* CountriesViewController.swift */ = {isa = PBXFileReference; lastKnownFileType = sourcecode.swift; path = CountriesViewController.swift; sourceTree = "<group>"; };
		F406DFE6243135170085D492 /* Networking.swift */ = {isa = PBXFileReference; lastKnownFileType = sourcecode.swift; path = Networking.swift; sourceTree = "<group>"; };
		F406DFE924313EB30085D492 /* GlobalDataDTO.swift */ = {isa = PBXFileReference; lastKnownFileType = sourcecode.swift; path = GlobalDataDTO.swift; sourceTree = "<group>"; };
		F406DFEB243149490085D492 /* Extensions.swift */ = {isa = PBXFileReference; lastKnownFileType = sourcecode.swift; path = Extensions.swift; sourceTree = "<group>"; };
		F406DFED24314EE40085D492 /* CountriesDataSource.swift */ = {isa = PBXFileReference; lastKnownFileType = sourcecode.swift; path = CountriesDataSource.swift; sourceTree = "<group>"; };
		F406DFEF24314F110085D492 /* CountryDataDTO.swift */ = {isa = PBXFileReference; lastKnownFileType = sourcecode.swift; path = CountryDataDTO.swift; sourceTree = "<group>"; };
		F406DFF124314F600085D492 /* ContryTableViewCell.swift */ = {isa = PBXFileReference; lastKnownFileType = sourcecode.swift; path = ContryTableViewCell.swift; sourceTree = "<group>"; };
		F406DFF324316D110085D492 /* ImageStore.swift */ = {isa = PBXFileReference; lastKnownFileType = sourcecode.swift; path = ImageStore.swift; sourceTree = "<group>"; };
		F406DFF624316F950085D492 /* PhotoStore.swift */ = {isa = PBXFileReference; lastKnownFileType = sourcecode.swift; path = PhotoStore.swift; sourceTree = "<group>"; };
		F406DFF824319FBB0085D492 /* AboutViewController.swift */ = {isa = PBXFileReference; lastKnownFileType = sourcecode.swift; path = AboutViewController.swift; sourceTree = "<group>"; };
		F4BD9BBD2431253C00671CAA /* Flatten COVID-19.app */ = {isa = PBXFileReference; explicitFileType = wrapper.application; includeInIndex = 0; path = "Flatten COVID-19.app"; sourceTree = BUILT_PRODUCTS_DIR; };
		F4BD9BC02431253C00671CAA /* AppDelegate.swift */ = {isa = PBXFileReference; lastKnownFileType = sourcecode.swift; path = AppDelegate.swift; sourceTree = "<group>"; };
		F4BD9BC42431253C00671CAA /* HomeViewController.swift */ = {isa = PBXFileReference; lastKnownFileType = sourcecode.swift; path = HomeViewController.swift; sourceTree = "<group>"; };
		F4BD9BC72431253C00671CAA /* Base */ = {isa = PBXFileReference; lastKnownFileType = file.storyboard; name = Base; path = Base.lproj/Main.storyboard; sourceTree = "<group>"; };
		F4BD9BC92431253D00671CAA /* Assets.xcassets */ = {isa = PBXFileReference; lastKnownFileType = folder.assetcatalog; path = Assets.xcassets; sourceTree = "<group>"; };
		F4BD9BCC2431253D00671CAA /* Base */ = {isa = PBXFileReference; lastKnownFileType = file.storyboard; name = Base; path = Base.lproj/LaunchScreen.storyboard; sourceTree = "<group>"; };
		F4BD9BCE2431253D00671CAA /* Info.plist */ = {isa = PBXFileReference; lastKnownFileType = text.plist.xml; path = Info.plist; sourceTree = "<group>"; };
		F4BD9BD32431253D00671CAA /* Covid-19Tests.xctest */ = {isa = PBXFileReference; explicitFileType = wrapper.cfbundle; includeInIndex = 0; path = "Covid-19Tests.xctest"; sourceTree = BUILT_PRODUCTS_DIR; };
		F4BD9BD72431253D00671CAA /* Covid_19Tests.swift */ = {isa = PBXFileReference; lastKnownFileType = sourcecode.swift; path = Covid_19Tests.swift; sourceTree = "<group>"; };
		F4BD9BD92431253D00671CAA /* Info.plist */ = {isa = PBXFileReference; lastKnownFileType = text.plist.xml; path = Info.plist; sourceTree = "<group>"; };
		F4BD9BDE2431253E00671CAA /* Covid-19UITests.xctest */ = {isa = PBXFileReference; explicitFileType = wrapper.cfbundle; includeInIndex = 0; path = "Covid-19UITests.xctest"; sourceTree = BUILT_PRODUCTS_DIR; };
		F4BD9BE22431253E00671CAA /* Covid_19UITests.swift */ = {isa = PBXFileReference; lastKnownFileType = sourcecode.swift; path = Covid_19UITests.swift; sourceTree = "<group>"; };
		F4BD9BE42431253E00671CAA /* Info.plist */ = {isa = PBXFileReference; lastKnownFileType = text.plist.xml; path = Info.plist; sourceTree = "<group>"; };
		F4BD9BF1243128F200671CAA /* TabBarController.swift */ = {isa = PBXFileReference; fileEncoding = 4; lastKnownFileType = sourcecode.swift; path = TabBarController.swift; sourceTree = "<group>"; };
		F4BD9BF2243128F200671CAA /* NavigationController.swift */ = {isa = PBXFileReference; fileEncoding = 4; lastKnownFileType = sourcecode.swift; path = NavigationController.swift; sourceTree = "<group>"; };
		F4BD9BF82431290C00671CAA /* Constants.swift */ = {isa = PBXFileReference; fileEncoding = 4; lastKnownFileType = sourcecode.swift; path = Constants.swift; sourceTree = "<group>"; };
		F4BD9C0024312B4B00671CAA /* CovidStore.swift */ = {isa = PBXFileReference; lastKnownFileType = sourcecode.swift; path = CovidStore.swift; sourceTree = "<group>"; };
		F4BD9C0324312B9400671CAA /* CodvidAPI.swift */ = {isa = PBXFileReference; lastKnownFileType = sourcecode.swift; path = CodvidAPI.swift; sourceTree = "<group>"; };
/* End PBXFileReference section */

/* Begin PBXFrameworksBuildPhase section */
		F4BD9BBA2431253C00671CAA /* Frameworks */ = {
			isa = PBXFrameworksBuildPhase;
			buildActionMask = 2147483647;
			files = (
			);
			runOnlyForDeploymentPostprocessing = 0;
		};
		F4BD9BD02431253D00671CAA /* Frameworks */ = {
			isa = PBXFrameworksBuildPhase;
			buildActionMask = 2147483647;
			files = (
			);
			runOnlyForDeploymentPostprocessing = 0;
		};
		F4BD9BDB2431253E00671CAA /* Frameworks */ = {
			isa = PBXFrameworksBuildPhase;
			buildActionMask = 2147483647;
			files = (
			);
			runOnlyForDeploymentPostprocessing = 0;
		};
/* End PBXFrameworksBuildPhase section */

/* Begin PBXGroup section */
		F406DFE82431351C0085D492 /* Networking */ = {
			isa = PBXGroup;
			children = (
				F406DFE6243135170085D492 /* Networking.swift */,
			);
			path = Networking;
			sourceTree = "<group>";
		};
		F406DFF524316D150085D492 /* Helpers */ = {
			isa = PBXGroup;
			children = (
				F406DFF324316D110085D492 /* ImageStore.swift */,
			);
			path = Helpers;
			sourceTree = "<group>";
		};
		F406DFFA24319FBE0085D492 /* About */ = {
			isa = PBXGroup;
			children = (
				F406DFF824319FBB0085D492 /* AboutViewController.swift */,
			);
			path = About;
			sourceTree = "<group>";
		};
		F4BD9BB42431253C00671CAA = {
			isa = PBXGroup;
			children = (
				F4BD9BBF2431253C00671CAA /* Covid-19 */,
				F4BD9BD62431253D00671CAA /* Covid-19Tests */,
				F4BD9BE12431253E00671CAA /* Covid-19UITests */,
				F4BD9BBE2431253C00671CAA /* Products */,
			);
			sourceTree = "<group>";
		};
		F4BD9BBE2431253C00671CAA /* Products */ = {
			isa = PBXGroup;
			children = (
				F4BD9BBD2431253C00671CAA /* Flatten COVID-19.app */,
				F4BD9BD32431253D00671CAA /* Covid-19Tests.xctest */,
				F4BD9BDE2431253E00671CAA /* Covid-19UITests.xctest */,
			);
			name = Products;
			sourceTree = "<group>";
		};
		F4BD9BBF2431253C00671CAA /* Covid-19 */ = {
			isa = PBXGroup;
			children = (
				F406DFF524316D150085D492 /* Helpers */,
				F406DFE82431351C0085D492 /* Networking */,
				F4BD9BF02431288600671CAA /* Classes */,
				F4BD9BFB24312AAD00671CAA /* Models */,
				F4BD9C0224312B5300671CAA /* API */,
				F4BD9BFA24312A9800671CAA /* Store */,
				F4BD9BF72431290C00671CAA /* Constants */,
				F4BD9C0524312BB700671CAA /* Storyboards */,
				F4BD9BFC24312AB900671CAA /* Views */,
				F4BD9BC02431253C00671CAA /* AppDelegate.swift */,
				F4BD9BC92431253D00671CAA /* Assets.xcassets */,
				F4BD9BCB2431253D00671CAA /* LaunchScreen.storyboard */,
				F4BD9BCE2431253D00671CAA /* Info.plist */,
			);
			path = "Covid-19";
			sourceTree = "<group>";
		};
		F4BD9BD62431253D00671CAA /* Covid-19Tests */ = {
			isa = PBXGroup;
			children = (
				F4BD9BD72431253D00671CAA /* Covid_19Tests.swift */,
				F4BD9BD92431253D00671CAA /* Info.plist */,
			);
			path = "Covid-19Tests";
			sourceTree = "<group>";
		};
		F4BD9BE12431253E00671CAA /* Covid-19UITests */ = {
			isa = PBXGroup;
			children = (
				F4BD9BE22431253E00671CAA /* Covid_19UITests.swift */,
				F4BD9BE42431253E00671CAA /* Info.plist */,
			);
			path = "Covid-19UITests";
			sourceTree = "<group>";
		};
		F4BD9BF02431288600671CAA /* Classes */ = {
			isa = PBXGroup;
			children = (
				F4BD9BF2243128F200671CAA /* NavigationController.swift */,
				F4BD9BF1243128F200671CAA /* TabBarController.swift */,
				F406DFEB243149490085D492 /* Extensions.swift */,
			);
			path = Classes;
			sourceTree = "<group>";
		};
		F4BD9BF72431290C00671CAA /* Constants */ = {
			isa = PBXGroup;
			children = (
				F4BD9BF82431290C00671CAA /* Constants.swift */,
			);
			path = Constants;
			sourceTree = "<group>";
		};
		F4BD9BFA24312A9800671CAA /* Store */ = {
			isa = PBXGroup;
			children = (
				F4BD9C0024312B4B00671CAA /* CovidStore.swift */,
				F406DFF624316F950085D492 /* PhotoStore.swift */,
			);
			path = Store;
			sourceTree = "<group>";
		};
		F4BD9BFB24312AAD00671CAA /* Models */ = {
			isa = PBXGroup;
			children = (
				F406DFE924313EB30085D492 /* GlobalDataDTO.swift */,
				F406DFEF24314F110085D492 /* CountryDataDTO.swift */,
			);
			path = Models;
			sourceTree = "<group>";
		};
		F4BD9BFC24312AB900671CAA /* Views */ = {
			isa = PBXGroup;
			children = (
				F4BD9BFE24312B0900671CAA /* Home */,
				F4BD9BFF24312B1E00671CAA /* Countries */,
				F406DFFA24319FBE0085D492 /* About */,
			);
			path = Views;
			sourceTree = "<group>";
		};
		F4BD9BFE24312B0900671CAA /* Home */ = {
			isa = PBXGroup;
			children = (
				F4BD9BC42431253C00671CAA /* HomeViewController.swift */,
			);
			path = Home;
			sourceTree = "<group>";
		};
		F4BD9BFF24312B1E00671CAA /* Countries */ = {
			isa = PBXGroup;
			children = (
				F406DFE424312FDE0085D492 /* CountriesViewController.swift */,
				F406DFED24314EE40085D492 /* CountriesDataSource.swift */,
				F406DFF124314F600085D492 /* ContryTableViewCell.swift */,
			);
			path = Countries;
			sourceTree = "<group>";
		};
		F4BD9C0224312B5300671CAA /* API */ = {
			isa = PBXGroup;
			children = (
				F4BD9C0324312B9400671CAA /* CodvidAPI.swift */,
			);
			path = API;
			sourceTree = "<group>";
		};
		F4BD9C0524312BB700671CAA /* Storyboards */ = {
			isa = PBXGroup;
			children = (
				F4BD9BC62431253C00671CAA /* Main.storyboard */,
			);
			path = Storyboards;
			sourceTree = "<group>";
		};
/* End PBXGroup section */

/* Begin PBXNativeTarget section */
		F4BD9BBC2431253C00671CAA /* Covid-19 */ = {
			isa = PBXNativeTarget;
			buildConfigurationList = F4BD9BE72431253E00671CAA /* Build configuration list for PBXNativeTarget "Covid-19" */;
			buildPhases = (
				F4BD9BB92431253C00671CAA /* Sources */,
				F4BD9BBA2431253C00671CAA /* Frameworks */,
				F4BD9BBB2431253C00671CAA /* Resources */,
			);
			buildRules = (
			);
			dependencies = (
			);
			name = "Covid-19";
			productName = "Covid-19";
			productReference = F4BD9BBD2431253C00671CAA /* Flatten COVID-19.app */;
			productType = "com.apple.product-type.application";
		};
		F4BD9BD22431253D00671CAA /* Covid-19Tests */ = {
			isa = PBXNativeTarget;
			buildConfigurationList = F4BD9BEA2431253E00671CAA /* Build configuration list for PBXNativeTarget "Covid-19Tests" */;
			buildPhases = (
				F4BD9BCF2431253D00671CAA /* Sources */,
				F4BD9BD02431253D00671CAA /* Frameworks */,
				F4BD9BD12431253D00671CAA /* Resources */,
			);
			buildRules = (
			);
			dependencies = (
				F4BD9BD52431253D00671CAA /* PBXTargetDependency */,
			);
			name = "Covid-19Tests";
			productName = "Covid-19Tests";
			productReference = F4BD9BD32431253D00671CAA /* Covid-19Tests.xctest */;
			productType = "com.apple.product-type.bundle.unit-test";
		};
		F4BD9BDD2431253E00671CAA /* Covid-19UITests */ = {
			isa = PBXNativeTarget;
			buildConfigurationList = F4BD9BED2431253E00671CAA /* Build configuration list for PBXNativeTarget "Covid-19UITests" */;
			buildPhases = (
				F4BD9BDA2431253E00671CAA /* Sources */,
				F4BD9BDB2431253E00671CAA /* Frameworks */,
				F4BD9BDC2431253E00671CAA /* Resources */,
			);
			buildRules = (
			);
			dependencies = (
				F4BD9BE02431253E00671CAA /* PBXTargetDependency */,
			);
			name = "Covid-19UITests";
			productName = "Covid-19UITests";
			productReference = F4BD9BDE2431253E00671CAA /* Covid-19UITests.xctest */;
			productType = "com.apple.product-type.bundle.ui-testing";
		};
/* End PBXNativeTarget section */

/* Begin PBXProject section */
		F4BD9BB52431253C00671CAA /* Project object */ = {
			isa = PBXProject;
			attributes = {
				LastSwiftUpdateCheck = 1120;
				LastUpgradeCheck = 1120;
				ORGANIZATIONNAME = "Arun Sivakumar";
				TargetAttributes = {
					F4BD9BBC2431253C00671CAA = {
						CreatedOnToolsVersion = 11.2.1;
					};
					F4BD9BD22431253D00671CAA = {
						CreatedOnToolsVersion = 11.2.1;
						TestTargetID = F4BD9BBC2431253C00671CAA;
					};
					F4BD9BDD2431253E00671CAA = {
						CreatedOnToolsVersion = 11.2.1;
						TestTargetID = F4BD9BBC2431253C00671CAA;
					};
				};
			};
			buildConfigurationList = F4BD9BB82431253C00671CAA /* Build configuration list for PBXProject "Covid-19" */;
			compatibilityVersion = "Xcode 9.3";
			developmentRegion = en;
			hasScannedForEncodings = 0;
			knownRegions = (
				en,
				Base,
			);
			mainGroup = F4BD9BB42431253C00671CAA;
			productRefGroup = F4BD9BBE2431253C00671CAA /* Products */;
			projectDirPath = "";
			projectRoot = "";
			targets = (
				F4BD9BBC2431253C00671CAA /* Covid-19 */,
				F4BD9BD22431253D00671CAA /* Covid-19Tests */,
				F4BD9BDD2431253E00671CAA /* Covid-19UITests */,
			);
		};
/* End PBXProject section */

/* Begin PBXResourcesBuildPhase section */
		F4BD9BBB2431253C00671CAA /* Resources */ = {
			isa = PBXResourcesBuildPhase;
			buildActionMask = 2147483647;
			files = (
				F4BD9BCD2431253D00671CAA /* LaunchScreen.storyboard in Resources */,
				F4BD9BCA2431253D00671CAA /* Assets.xcassets in Resources */,
				F4BD9BC82431253C00671CAA /* Main.storyboard in Resources */,
			);
			runOnlyForDeploymentPostprocessing = 0;
		};
		F4BD9BD12431253D00671CAA /* Resources */ = {
			isa = PBXResourcesBuildPhase;
			buildActionMask = 2147483647;
			files = (
			);
			runOnlyForDeploymentPostprocessing = 0;
		};
		F4BD9BDC2431253E00671CAA /* Resources */ = {
			isa = PBXResourcesBuildPhase;
			buildActionMask = 2147483647;
			files = (
			);
			runOnlyForDeploymentPostprocessing = 0;
		};
/* End PBXResourcesBuildPhase section */

/* Begin PBXSourcesBuildPhase section */
		F4BD9BB92431253C00671CAA /* Sources */ = {
			isa = PBXSourcesBuildPhase;
			buildActionMask = 2147483647;
			files = (
				F4BD9BF92431290C00671CAA /* Constants.swift in Sources */,
				F4BD9BF3243128F200671CAA /* TabBarController.swift in Sources */,
				F406DFF724316F950085D492 /* PhotoStore.swift in Sources */,
				F4BD9BF4243128F200671CAA /* NavigationController.swift in Sources */,
				F406DFE7243135170085D492 /* Networking.swift in Sources */,
				F406DFF024314F110085D492 /* CountryDataDTO.swift in Sources */,
				F406DFE524312FDE0085D492 /* CountriesViewController.swift in Sources */,
				F406DFF224314F600085D492 /* ContryTableViewCell.swift in Sources */,
				F4BD9BC52431253C00671CAA /* HomeViewController.swift in Sources */,
				F406DFF424316D110085D492 /* ImageStore.swift in Sources */,
				F406DFEA24313EB30085D492 /* GlobalDataDTO.swift in Sources */,
				F406DFEE24314EE40085D492 /* CountriesDataSource.swift in Sources */,
				F4BD9BC12431253C00671CAA /* AppDelegate.swift in Sources */,
				F4BD9C0424312B9400671CAA /* CodvidAPI.swift in Sources */,
				F406DFEC243149490085D492 /* Extensions.swift in Sources */,
				F406DFF924319FBB0085D492 /* AboutViewController.swift in Sources */,
				F4BD9C0124312B4B00671CAA /* CovidStore.swift in Sources */,
			);
			runOnlyForDeploymentPostprocessing = 0;
		};
		F4BD9BCF2431253D00671CAA /* Sources */ = {
			isa = PBXSourcesBuildPhase;
			buildActionMask = 2147483647;
			files = (
				F4BD9BD82431253D00671CAA /* Covid_19Tests.swift in Sources */,
			);
			runOnlyForDeploymentPostprocessing = 0;
		};
		F4BD9BDA2431253E00671CAA /* Sources */ = {
			isa = PBXSourcesBuildPhase;
			buildActionMask = 2147483647;
			files = (
				F4BD9BE32431253E00671CAA /* Covid_19UITests.swift in Sources */,
			);
			runOnlyForDeploymentPostprocessing = 0;
		};
/* End PBXSourcesBuildPhase section */

/* Begin PBXTargetDependency section */
		F4BD9BD52431253D00671CAA /* PBXTargetDependency */ = {
			isa = PBXTargetDependency;
			target = F4BD9BBC2431253C00671CAA /* Covid-19 */;
			targetProxy = F4BD9BD42431253D00671CAA /* PBXContainerItemProxy */;
		};
		F4BD9BE02431253E00671CAA /* PBXTargetDependency */ = {
			isa = PBXTargetDependency;
			target = F4BD9BBC2431253C00671CAA /* Covid-19 */;
			targetProxy = F4BD9BDF2431253E00671CAA /* PBXContainerItemProxy */;
		};
/* End PBXTargetDependency section */

/* Begin PBXVariantGroup section */
		F4BD9BC62431253C00671CAA /* Main.storyboard */ = {
			isa = PBXVariantGroup;
			children = (
				F4BD9BC72431253C00671CAA /* Base */,
			);
			name = Main.storyboard;
			sourceTree = "<group>";
		};
		F4BD9BCB2431253D00671CAA /* LaunchScreen.storyboard */ = {
			isa = PBXVariantGroup;
			children = (
				F4BD9BCC2431253D00671CAA /* Base */,
			);
			name = LaunchScreen.storyboard;
			sourceTree = "<group>";
		};
/* End PBXVariantGroup section */

/* Begin XCBuildConfiguration section */
		F4BD9BE52431253E00671CAA /* Debug */ = {
			isa = XCBuildConfiguration;
			buildSettings = {
				ALWAYS_SEARCH_USER_PATHS = NO;
				CLANG_ANALYZER_NONNULL = YES;
				CLANG_ANALYZER_NUMBER_OBJECT_CONVERSION = YES_AGGRESSIVE;
				CLANG_CXX_LANGUAGE_STANDARD = "gnu++14";
				CLANG_CXX_LIBRARY = "libc++";
				CLANG_ENABLE_MODULES = YES;
				CLANG_ENABLE_OBJC_ARC = YES;
				CLANG_ENABLE_OBJC_WEAK = YES;
				CLANG_WARN_BLOCK_CAPTURE_AUTORELEASING = YES;
				CLANG_WARN_BOOL_CONVERSION = YES;
				CLANG_WARN_COMMA = YES;
				CLANG_WARN_CONSTANT_CONVERSION = YES;
				CLANG_WARN_DEPRECATED_OBJC_IMPLEMENTATIONS = YES;
				CLANG_WARN_DIRECT_OBJC_ISA_USAGE = YES_ERROR;
				CLANG_WARN_DOCUMENTATION_COMMENTS = YES;
				CLANG_WARN_EMPTY_BODY = YES;
				CLANG_WARN_ENUM_CONVERSION = YES;
				CLANG_WARN_INFINITE_RECURSION = YES;
				CLANG_WARN_INT_CONVERSION = YES;
				CLANG_WARN_NON_LITERAL_NULL_CONVERSION = YES;
				CLANG_WARN_OBJC_IMPLICIT_RETAIN_SELF = YES;
				CLANG_WARN_OBJC_LITERAL_CONVERSION = YES;
				CLANG_WARN_OBJC_ROOT_CLASS = YES_ERROR;
				CLANG_WARN_RANGE_LOOP_ANALYSIS = YES;
				CLANG_WARN_STRICT_PROTOTYPES = YES;
				CLANG_WARN_SUSPICIOUS_MOVE = YES;
				CLANG_WARN_UNGUARDED_AVAILABILITY = YES_AGGRESSIVE;
				CLANG_WARN_UNREACHABLE_CODE = YES;
				CLANG_WARN__DUPLICATE_METHOD_MATCH = YES;
				COPY_PHASE_STRIP = NO;
				DEBUG_INFORMATION_FORMAT = dwarf;
				ENABLE_STRICT_OBJC_MSGSEND = YES;
				ENABLE_TESTABILITY = YES;
				GCC_C_LANGUAGE_STANDARD = gnu11;
				GCC_DYNAMIC_NO_PIC = NO;
				GCC_NO_COMMON_BLOCKS = YES;
				GCC_OPTIMIZATION_LEVEL = 0;
				GCC_PREPROCESSOR_DEFINITIONS = (
					"DEBUG=1",
					"$(inherited)",
				);
				GCC_WARN_64_TO_32_BIT_CONVERSION = YES;
				GCC_WARN_ABOUT_RETURN_TYPE = YES_ERROR;
				GCC_WARN_UNDECLARED_SELECTOR = YES;
				GCC_WARN_UNINITIALIZED_AUTOS = YES_AGGRESSIVE;
				GCC_WARN_UNUSED_FUNCTION = YES;
				GCC_WARN_UNUSED_VARIABLE = YES;
				IPHONEOS_DEPLOYMENT_TARGET = 11.0;
				MTL_ENABLE_DEBUG_INFO = INCLUDE_SOURCE;
				MTL_FAST_MATH = YES;
				ONLY_ACTIVE_ARCH = YES;
				SDKROOT = iphoneos;
				SWIFT_ACTIVE_COMPILATION_CONDITIONS = DEBUG;
				SWIFT_OPTIMIZATION_LEVEL = "-Onone";
			};
			name = Debug;
		};
		F4BD9BE62431253E00671CAA /* Release */ = {
			isa = XCBuildConfiguration;
			buildSettings = {
				ALWAYS_SEARCH_USER_PATHS = NO;
				CLANG_ANALYZER_NONNULL = YES;
				CLANG_ANALYZER_NUMBER_OBJECT_CONVERSION = YES_AGGRESSIVE;
				CLANG_CXX_LANGUAGE_STANDARD = "gnu++14";
				CLANG_CXX_LIBRARY = "libc++";
				CLANG_ENABLE_MODULES = YES;
				CLANG_ENABLE_OBJC_ARC = YES;
				CLANG_ENABLE_OBJC_WEAK = YES;
				CLANG_WARN_BLOCK_CAPTURE_AUTORELEASING = YES;
				CLANG_WARN_BOOL_CONVERSION = YES;
				CLANG_WARN_COMMA = YES;
				CLANG_WARN_CONSTANT_CONVERSION = YES;
				CLANG_WARN_DEPRECATED_OBJC_IMPLEMENTATIONS = YES;
				CLANG_WARN_DIRECT_OBJC_ISA_USAGE = YES_ERROR;
				CLANG_WARN_DOCUMENTATION_COMMENTS = YES;
				CLANG_WARN_EMPTY_BODY = YES;
				CLANG_WARN_ENUM_CONVERSION = YES;
				CLANG_WARN_INFINITE_RECURSION = YES;
				CLANG_WARN_INT_CONVERSION = YES;
				CLANG_WARN_NON_LITERAL_NULL_CONVERSION = YES;
				CLANG_WARN_OBJC_IMPLICIT_RETAIN_SELF = YES;
				CLANG_WARN_OBJC_LITERAL_CONVERSION = YES;
				CLANG_WARN_OBJC_ROOT_CLASS = YES_ERROR;
				CLANG_WARN_RANGE_LOOP_ANALYSIS = YES;
				CLANG_WARN_STRICT_PROTOTYPES = YES;
				CLANG_WARN_SUSPICIOUS_MOVE = YES;
				CLANG_WARN_UNGUARDED_AVAILABILITY = YES_AGGRESSIVE;
				CLANG_WARN_UNREACHABLE_CODE = YES;
				CLANG_WARN__DUPLICATE_METHOD_MATCH = YES;
				COPY_PHASE_STRIP = NO;
				DEBUG_INFORMATION_FORMAT = "dwarf-with-dsym";
				ENABLE_NS_ASSERTIONS = NO;
				ENABLE_STRICT_OBJC_MSGSEND = YES;
				GCC_C_LANGUAGE_STANDARD = gnu11;
				GCC_NO_COMMON_BLOCKS = YES;
				GCC_WARN_64_TO_32_BIT_CONVERSION = YES;
				GCC_WARN_ABOUT_RETURN_TYPE = YES_ERROR;
				GCC_WARN_UNDECLARED_SELECTOR = YES;
				GCC_WARN_UNINITIALIZED_AUTOS = YES_AGGRESSIVE;
				GCC_WARN_UNUSED_FUNCTION = YES;
				GCC_WARN_UNUSED_VARIABLE = YES;
				IPHONEOS_DEPLOYMENT_TARGET = 11.0;
				MTL_ENABLE_DEBUG_INFO = NO;
				MTL_FAST_MATH = YES;
				SDKROOT = iphoneos;
				SWIFT_COMPILATION_MODE = wholemodule;
				SWIFT_OPTIMIZATION_LEVEL = "-O";
				VALIDATE_PRODUCT = YES;
			};
			name = Release;
		};
		F4BD9BE82431253E00671CAA /* Debug */ = {
			isa = XCBuildConfiguration;
			buildSettings = {
				ASSETCATALOG_COMPILER_APPICON_NAME = AppIcon;
				CODE_SIGN_STYLE = Automatic;
				CURRENT_PROJECT_VERSION = 2;
				DEVELOPMENT_TEAM = Q5S947L7K7;
				INFOPLIST_FILE = "Covid-19/Info.plist";
				LD_RUNPATH_SEARCH_PATHS = (
					"$(inherited)",
					"@executable_path/Frameworks",
				);
				PRODUCT_BUNDLE_IDENTIFIER = "com.arunsivakumar.covid-19";
				PRODUCT_NAME = "Flatten COVID-19";
				SWIFT_VERSION = 5.0;
				TARGETED_DEVICE_FAMILY = "1,2";
			};
			name = Debug;
		};
		F4BD9BE92431253E00671CAA /* Release */ = {
			isa = XCBuildConfiguration;
			buildSettings = {
				ASSETCATALOG_COMPILER_APPICON_NAME = AppIcon;
				CODE_SIGN_STYLE = Automatic;
				CURRENT_PROJECT_VERSION = 2;
				DEVELOPMENT_TEAM = Q5S947L7K7;
				INFOPLIST_FILE = "Covid-19/Info.plist";
				LD_RUNPATH_SEARCH_PATHS = (
					"$(inherited)",
					"@executable_path/Frameworks",
				);
				PRODUCT_BUNDLE_IDENTIFIER = "com.arunsivakumar.covid-19";
				PRODUCT_NAME = "Flatten COVID-19";
				SWIFT_VERSION = 5.0;
				TARGETED_DEVICE_FAMILY = "1,2";
			};
			name = Release;
		};
		F4BD9BEB2431253E00671CAA /* Debug */ = {
			isa = XCBuildConfiguration;
			buildSettings = {
				ALWAYS_EMBED_SWIFT_STANDARD_LIBRARIES = YES;
				BUNDLE_LOADER = "$(TEST_HOST)";
				CODE_SIGN_STYLE = Automatic;
				DEVELOPMENT_TEAM = Q5S947L7K7;
				INFOPLIST_FILE = "Covid-19Tests/Info.plist";
				IPHONEOS_DEPLOYMENT_TARGET = 13.2;
				LD_RUNPATH_SEARCH_PATHS = (
					"$(inherited)",
					"@executable_path/Frameworks",
					"@loader_path/Frameworks",
				);
				PRODUCT_BUNDLE_IDENTIFIER = "com.arunsivakumar.Covid-19Tests";
				PRODUCT_NAME = "$(TARGET_NAME)";
				SWIFT_VERSION = 5.0;
				TARGETED_DEVICE_FAMILY = "1,2";
				TEST_HOST = "$(BUILT_PRODUCTS_DIR)/Covid-19.app/Covid-19";
			};
			name = Debug;
		};
		F4BD9BEC2431253E00671CAA /* Release */ = {
			isa = XCBuildConfiguration;
			buildSettings = {
				ALWAYS_EMBED_SWIFT_STANDARD_LIBRARIES = YES;
				BUNDLE_LOADER = "$(TEST_HOST)";
				CODE_SIGN_STYLE = Automatic;
				DEVELOPMENT_TEAM = Q5S947L7K7;
				INFOPLIST_FILE = "Covid-19Tests/Info.plist";
				IPHONEOS_DEPLOYMENT_TARGET = 13.2;
				LD_RUNPATH_SEARCH_PATHS = (
					"$(inherited)",
					"@executable_path/Frameworks",
					"@loader_path/Frameworks",
				);
				PRODUCT_BUNDLE_IDENTIFIER = "com.arunsivakumar.Covid-19Tests";
				PRODUCT_NAME = "$(TARGET_NAME)";
				SWIFT_VERSION = 5.0;
				TARGETED_DEVICE_FAMILY = "1,2";
				TEST_HOST = "$(BUILT_PRODUCTS_DIR)/Covid-19.app/Covid-19";
			};
			name = Release;
		};
		F4BD9BEE2431253E00671CAA /* Debug */ = {
			isa = XCBuildConfiguration;
			buildSettings = {
				ALWAYS_EMBED_SWIFT_STANDARD_LIBRARIES = YES;
				CODE_SIGN_STYLE = Automatic;
				DEVELOPMENT_TEAM = Q5S947L7K7;
				INFOPLIST_FILE = "Covid-19UITests/Info.plist";
				LD_RUNPATH_SEARCH_PATHS = (
					"$(inherited)",
					"@executable_path/Frameworks",
					"@loader_path/Frameworks",
				);
				PRODUCT_BUNDLE_IDENTIFIER = "com.arunsivakumar.Covid-19UITests";
				PRODUCT_NAME = "$(TARGET_NAME)";
				SWIFT_VERSION = 5.0;
				TARGETED_DEVICE_FAMILY = "1,2";
				TEST_TARGET_NAME = "Covid-19";
			};
			name = Debug;
		};
		F4BD9BEF2431253E00671CAA /* Release */ = {
			isa = XCBuildConfiguration;
			buildSettings = {
				ALWAYS_EMBED_SWIFT_STANDARD_LIBRARIES = YES;
				CODE_SIGN_STYLE = Automatic;
				DEVELOPMENT_TEAM = Q5S947L7K7;
				INFOPLIST_FILE = "Covid-19UITests/Info.plist";
				LD_RUNPATH_SEARCH_PATHS = (
					"$(inherited)",
					"@executable_path/Frameworks",
					"@loader_path/Frameworks",
				);
				PRODUCT_BUNDLE_IDENTIFIER = "com.arunsivakumar.Covid-19UITests";
				PRODUCT_NAME = "$(TARGET_NAME)";
				SWIFT_VERSION = 5.0;
				TARGETED_DEVICE_FAMILY = "1,2";
				TEST_TARGET_NAME = "Covid-19";
			};
			name = Release;
		};
/* End XCBuildConfiguration section */

/* Begin XCConfigurationList section */
		F4BD9BB82431253C00671CAA /* Build configuration list for PBXProject "Covid-19" */ = {
			isa = XCConfigurationList;
			buildConfigurations = (
				F4BD9BE52431253E00671CAA /* Debug */,
				F4BD9BE62431253E00671CAA /* Release */,
			);
			defaultConfigurationIsVisible = 0;
			defaultConfigurationName = Release;
		};
		F4BD9BE72431253E00671CAA /* Build configuration list for PBXNativeTarget "Covid-19" */ = {
			isa = XCConfigurationList;
			buildConfigurations = (
				F4BD9BE82431253E00671CAA /* Debug */,
				F4BD9BE92431253E00671CAA /* Release */,
			);
			defaultConfigurationIsVisible = 0;
			defaultConfigurationName = Release;
		};
		F4BD9BEA2431253E00671CAA /* Build configuration list for PBXNativeTarget "Covid-19Tests" */ = {
			isa = XCConfigurationList;
			buildConfigurations = (
				F4BD9BEB2431253E00671CAA /* Debug */,
				F4BD9BEC2431253E00671CAA /* Release */,
			);
			defaultConfigurationIsVisible = 0;
			defaultConfigurationName = Release;
		};
		F4BD9BED2431253E00671CAA /* Build configuration list for PBXNativeTarget "Covid-19UITests" */ = {
			isa = XCConfigurationList;
			buildConfigurations = (
				F4BD9BEE2431253E00671CAA /* Debug */,
				F4BD9BEF2431253E00671CAA /* Release */,
			);
			defaultConfigurationIsVisible = 0;
			defaultConfigurationName = Release;
		};
/* End XCConfigurationList section */
	};
	rootObject = F4BD9BB52431253C00671CAA /* Project object */;
}
